
Microsoft Visual Studio Solution File, Format Version 12.00
# Visual Studio Version 17
VisualStudioVersion = 17.8.34330.188
MinimumVisualStudioVersion = 10.0.40219.1
Project("{FAE04EC0-301F-11D3-BF4B-00C04F79EFBC}") = "MediFlowGpSYS", "MediFlowGpSYS\MediFlowGpSYS.csproj", "{F68B3B2D-8DFD-4FAC-AC23-B3743B0C296C}"
EndProject
Global
	GlobalSection(SolutionConfigurationPlatforms) = preSolution
		Debug|Any CPU = Debug|Any CPU
		Debug|ARM64 = Debug|ARM64
		Debug|x64 = Debug|x64
		Debug|x86 = Debug|x86
		Release|Any CPU = Release|Any CPU
		Release|ARM64 = Release|ARM64
		Release|x64 = Release|x64
		Release|x86 = Release|x86
	EndGlobalSection
	GlobalSection(ProjectConfigurationPlatforms) = postSolution
		{F68B3B2D-8DFD-4FAC-AC23-B3743B0C296C}.Debug|Any CPU.ActiveCfg = Debug|Any CPU
		{F68B3B2D-8DFD-4FAC-AC23-B3743B0C296C}.Debug|Any CPU.Build.0 = Debug|Any CPU
		{F68B3B2D-8DFD-4FAC-AC23-B3743B0C296C}.Debug|ARM64.ActiveCfg = Debug|ARM64
		{F68B3B2D-8DFD-4FAC-AC23-B3743B0C296C}.Debug|ARM64.Build.0 = Debug|ARM64
		{F68B3B2D-8DFD-4FAC-AC23-B3743B0C296C}.Debug|x64.ActiveCfg = Debug|x64
		{F68B3B2D-8DFD-4FAC-AC23-B3743B0C296C}.Debug|x64.Build.0 = Debug|x64
		{F68B3B2D-8DFD-4FAC-AC23-B3743B0C296C}.Debug|x86.ActiveCfg = Debug|x86
		{F68B3B2D-8DFD-4FAC-AC23-B3743B0C296C}.Debug|x86.Build.0 = Debug|x86
		{F68B3B2D-8DFD-4FAC-AC23-B3743B0C296C}.Release|Any CPU.ActiveCfg = Release|Any CPU
		{F68B3B2D-8DFD-4FAC-AC23-B3743B0C296C}.Release|Any CPU.Build.0 = Release|Any CPU
		{F68B3B2D-8DFD-4FAC-AC23-B3743B0C296C}.Release|ARM64.ActiveCfg = Release|ARM64
		{F68B3B2D-8DFD-4FAC-AC23-B3743B0C296C}.Release|ARM64.Build.0 = Release|ARM64
		{F68B3B2D-8DFD-4FAC-AC23-B3743B0C296C}.Release|x64.ActiveCfg = Release|x64
		{F68B3B2D-8DFD-4FAC-AC23-B3743B0C296C}.Release|x64.Build.0 = Release|x64
		{F68B3B2D-8DFD-4FAC-AC23-B3743B0C296C}.Release|x86.ActiveCfg = Release|x86
		{F68B3B2D-8DFD-4FAC-AC23-B3743B0C296C}.Release|x86.Build.0 = Release|x86
	EndGlobalSection
	GlobalSection(SolutionProperties) = preSolution
		HideSolutionNode = FALSE
	EndGlobalSection
	GlobalSection(ExtensibilityGlobals) = postSolution
		SolutionGuid = {F7530E0C-20A5-43DD-AE7E-B637ACB16BE3}
	EndGlobalSection
EndGlobal
